
Microsoft Visual Studio Solution File, Format Version 12.00
# Visual Studio 15
VisualStudioVersion = 15.0.27428.2002
MinimumVisualStudioVersion = 10.0.40219.1
Project("{FAE04EC0-301F-11D3-BF4B-00C04F79EFBC}") = "AdventOfCode", "AdventOfCode\AdventOfCode.csproj", "{F8BCCA72-83FB-4797-BBFD-E0F8CDCADB87}"
EndProject
Global
	GlobalSection(SolutionConfigurationPlatforms) = preSolution
		Debug|Any CPU = Debug|Any CPU
		Release|Any CPU = Release|Any CPU
	EndGlobalSection
	GlobalSection(ProjectConfigurationPlatforms) = postSolution
		{F8BCCA72-83FB-4797-BBFD-E0F8CDCADB87}.Debug|Any CPU.ActiveCfg = Debug|Any CPU
		{F8BCCA72-83FB-4797-BBFD-E0F8CDCADB87}.Debug|Any CPU.Build.0 = Debug|Any CPU
		{F8BCCA72-83FB-4797-BBFD-E0F8CDCADB87}.Release|Any CPU.ActiveCfg = Release|Any CPU
		{F8BCCA72-83FB-4797-BBFD-E0F8CDCADB87}.Release|Any CPU.Build.0 = Release|Any CPU
	EndGlobalSection
	GlobalSection(SolutionProperties) = preSolution
		HideSolutionNode = FALSE
	EndGlobalSection
	GlobalSection(ExtensibilityGlobals) = postSolution
		SolutionGuid = {8DDC0842-FDB1-485B-821E-6A74E0B7295B}
	EndGlobalSection
EndGlobal
